// !$*UTF8*$!
{
	archiveVersion = 1;
	classes = {
	};
	objectVersion = 46;
	objects = {

/* Begin PBXBuildFile section */
		072E2A8121AEF96200DA782A /* FirebasePhoneTests.swift in Sources */ = {isa = PBXBuildFile; fileRef = 072E2A7E21AEF81000DA782A /* FirebasePhoneTests.swift */; };
		072E2A8321AEFB0C00DA782A /* PhoneEntryControllerTests.swift in Sources */ = {isa = PBXBuildFile; fileRef = 072E2A8221AEFB0C00DA782A /* PhoneEntryControllerTests.swift */; };
		073DBEB61F90D13C001C3AC1 /* View+Additions.swift in Sources */ = {isa = PBXBuildFile; fileRef = 073DBEB51F90D13C001C3AC1 /* View+Additions.swift */; };
		074DE6641F55762A0046DE32 /* GoogleService-Info.plist in Resources */ = {isa = PBXBuildFile; fileRef = 074DE6631F55762A0046DE32 /* GoogleService-Info.plist */; };
		076363221F5A000300596E62 /* CountryCodeListController.swift in Sources */ = {isa = PBXBuildFile; fileRef = 0763631E1F5A000300596E62 /* CountryCodeListController.swift */; };
		076363241F5A000300596E62 /* CountryCodeListCell.swift in Sources */ = {isa = PBXBuildFile; fileRef = 076363201F5A000300596E62 /* CountryCodeListCell.swift */; };
		076363251F5A000300596E62 /* CountryCodeListCell.xib in Resources */ = {isa = PBXBuildFile; fileRef = 076363211F5A000300596E62 /* CountryCodeListCell.xib */; };
		076363271F5A000B00596E62 /* JSONReader.swift in Sources */ = {isa = PBXBuildFile; fileRef = 076363261F5A000B00596E62 /* JSONReader.swift */; };
		0763632A1F5A001500596E62 /* Countries.swift in Sources */ = {isa = PBXBuildFile; fileRef = 076363281F5A001500596E62 /* Countries.swift */; };
		0763632B1F5A001500596E62 /* Country.swift in Sources */ = {isa = PBXBuildFile; fileRef = 076363291F5A001500596E62 /* Country.swift */; };
		07EE6D381F54454D00783EE6 /* AppDelegate.swift in Sources */ = {isa = PBXBuildFile; fileRef = 07EE6D371F54454D00783EE6 /* AppDelegate.swift */; };
		07EE6D3F1F54454D00783EE6 /* Assets.xcassets in Resources */ = {isa = PBXBuildFile; fileRef = 07EE6D3E1F54454D00783EE6 /* Assets.xcassets */; };
		07EE6D421F54454D00783EE6 /* LaunchScreen.storyboard in Resources */ = {isa = PBXBuildFile; fileRef = 07EE6D401F54454D00783EE6 /* LaunchScreen.storyboard */; };
		07FCEA6D21AFCD8100A7DD66 /* country-codes.json in Resources */ = {isa = PBXBuildFile; fileRef = C63B8F9420F4C83700080782 /* country-codes.json */; };
		44098AB7FC56BFE3576D1934 /* Pods_FirebasePhone.framework in Frameworks */ = {isa = PBXBuildFile; fileRef = 671750C35C6948FC23CEDBDD /* Pods_FirebasePhone.framework */; };
		646319E9B575A1FDC360A28D /* Pods_FirebasePhoneTests.framework in Frameworks */ = {isa = PBXBuildFile; fileRef = D71150E105E03F08212D2BDB /* Pods_FirebasePhoneTests.framework */; };
		C63B8F9020F4C82500080782 /* PhoneEntryController.xib in Resources */ = {isa = PBXBuildFile; fileRef = C63B8F8C20F4C82000080782 /* PhoneEntryController.xib */; };
		C63B8F9120F4C82500080782 /* PhoneVerificationController.xib in Resources */ = {isa = PBXBuildFile; fileRef = C63B8F8D20F4C82100080782 /* PhoneVerificationController.xib */; };
		C63B8F9220F4C82500080782 /* PhoneVerificationController.swift in Sources */ = {isa = PBXBuildFile; fileRef = C63B8F8E20F4C82100080782 /* PhoneVerificationController.swift */; };
		C63B8F9320F4C82500080782 /* PhoneEntryController.swift in Sources */ = {isa = PBXBuildFile; fileRef = C63B8F8F20F4C82100080782 /* PhoneEntryController.swift */; };
		C63B8F9520F4C83800080782 /* country-codes.json in Resources */ = {isa = PBXBuildFile; fileRef = C63B8F9420F4C83700080782 /* country-codes.json */; };
/* End PBXBuildFile section */

/* Begin PBXContainerItemProxy section */
		072E2A7921AEF7C400DA782A /* PBXContainerItemProxy */ = {
			isa = PBXContainerItemProxy;
			containerPortal = 07EE6D2C1F54454D00783EE6 /* Project object */;
			proxyType = 1;
			remoteGlobalIDString = 07EE6D331F54454D00783EE6;
			remoteInfo = FirebasePhone;
		};
/* End PBXContainerItemProxy section */

/* Begin PBXFileReference section */
		072E2A7421AEF7C400DA782A /* FirebasePhoneTests.xctest */ = {isa = PBXFileReference; explicitFileType = wrapper.cfbundle; includeInIndex = 0; path = FirebasePhoneTests.xctest; sourceTree = BUILT_PRODUCTS_DIR; };
		072E2A7821AEF7C400DA782A /* Info.plist */ = {isa = PBXFileReference; lastKnownFileType = text.plist.xml; path = Info.plist; sourceTree = "<group>"; };
		072E2A7E21AEF81000DA782A /* FirebasePhoneTests.swift */ = {isa = PBXFileReference; fileEncoding = 4; lastKnownFileType = sourcecode.swift; path = FirebasePhoneTests.swift; sourceTree = "<group>"; };
		072E2A8221AEFB0C00DA782A /* PhoneEntryControllerTests.swift */ = {isa = PBXFileReference; lastKnownFileType = sourcecode.swift; path = PhoneEntryControllerTests.swift; sourceTree = "<group>"; };
		072F34EB1F59464900B1EC29 /* FirebasePhone.entitlements */ = {isa = PBXFileReference; fileEncoding = 4; lastKnownFileType = text.plist.entitlements; path = FirebasePhone.entitlements; sourceTree = "<group>"; };
		073DBEB51F90D13C001C3AC1 /* View+Additions.swift */ = {isa = PBXFileReference; lastKnownFileType = sourcecode.swift; name = "View+Additions.swift"; path = "Extension/View+Additions.swift"; sourceTree = "<group>"; };
		074DE6631F55762A0046DE32 /* GoogleService-Info.plist */ = {isa = PBXFileReference; fileEncoding = 4; lastKnownFileType = text.plist.xml; path = "GoogleService-Info.plist"; sourceTree = "<group>"; };
		0763631E1F5A000300596E62 /* CountryCodeListController.swift */ = {isa = PBXFileReference; fileEncoding = 4; lastKnownFileType = sourcecode.swift; name = CountryCodeListController.swift; path = CountryList/CountryCodeListController.swift; sourceTree = "<group>"; };
		076363201F5A000300596E62 /* CountryCodeListCell.swift */ = {isa = PBXFileReference; fileEncoding = 4; lastKnownFileType = sourcecode.swift; name = CountryCodeListCell.swift; path = CountryList/CountryCodeListCell.swift; sourceTree = "<group>"; };
		076363211F5A000300596E62 /* CountryCodeListCell.xib */ = {isa = PBXFileReference; fileEncoding = 4; lastKnownFileType = file.xib; name = CountryCodeListCell.xib; path = CountryList/CountryCodeListCell.xib; sourceTree = "<group>"; };
		076363261F5A000B00596E62 /* JSONReader.swift */ = {isa = PBXFileReference; fileEncoding = 4; lastKnownFileType = sourcecode.swift; name = JSONReader.swift; path = Helper/JSONReader.swift; sourceTree = "<group>"; };
		076363281F5A001500596E62 /* Countries.swift */ = {isa = PBXFileReference; fileEncoding = 4; lastKnownFileType = sourcecode.swift; name = Countries.swift; path = Model/Countries.swift; sourceTree = "<group>"; };
		076363291F5A001500596E62 /* Country.swift */ = {isa = PBXFileReference; fileEncoding = 4; lastKnownFileType = sourcecode.swift; name = Country.swift; path = Model/Country.swift; sourceTree = "<group>"; };
		07EE6D341F54454D00783EE6 /* FirebasePhone.app */ = {isa = PBXFileReference; explicitFileType = wrapper.application; includeInIndex = 0; path = FirebasePhone.app; sourceTree = BUILT_PRODUCTS_DIR; };
		07EE6D371F54454D00783EE6 /* AppDelegate.swift */ = {isa = PBXFileReference; lastKnownFileType = sourcecode.swift; path = AppDelegate.swift; sourceTree = "<group>"; };
		07EE6D3E1F54454D00783EE6 /* Assets.xcassets */ = {isa = PBXFileReference; lastKnownFileType = folder.assetcatalog; path = Assets.xcassets; sourceTree = "<group>"; };
		07EE6D411F54454D00783EE6 /* Base */ = {isa = PBXFileReference; lastKnownFileType = file.storyboard; name = Base; path = Base.lproj/LaunchScreen.storyboard; sourceTree = "<group>"; };
		07EE6D431F54454D00783EE6 /* Info.plist */ = {isa = PBXFileReference; lastKnownFileType = text.plist.xml; path = Info.plist; sourceTree = "<group>"; };
		5CDD988196C0B5605023E8F4 /* Pods-FirebasePhoneTests.debug.xcconfig */ = {isa = PBXFileReference; includeInIndex = 1; lastKnownFileType = text.xcconfig; name = "Pods-FirebasePhoneTests.debug.xcconfig"; path = "Pods/Target Support Files/Pods-FirebasePhoneTests/Pods-FirebasePhoneTests.debug.xcconfig"; sourceTree = "<group>"; };
		671750C35C6948FC23CEDBDD /* Pods_FirebasePhone.framework */ = {isa = PBXFileReference; explicitFileType = wrapper.framework; includeInIndex = 0; path = Pods_FirebasePhone.framework; sourceTree = BUILT_PRODUCTS_DIR; };
		6A94C230CB451F2B7EAB03F0 /* Pods-FirebasePhone.debug.xcconfig */ = {isa = PBXFileReference; includeInIndex = 1; lastKnownFileType = text.xcconfig; name = "Pods-FirebasePhone.debug.xcconfig"; path = "Pods/Target Support Files/Pods-FirebasePhone/Pods-FirebasePhone.debug.xcconfig"; sourceTree = "<group>"; };
		73F9C2285D0463F4823760EB /* Pods-FirebasePhoneTests.release.xcconfig */ = {isa = PBXFileReference; includeInIndex = 1; lastKnownFileType = text.xcconfig; name = "Pods-FirebasePhoneTests.release.xcconfig"; path = "Pods/Target Support Files/Pods-FirebasePhoneTests/Pods-FirebasePhoneTests.release.xcconfig"; sourceTree = "<group>"; };
		C63B8F8C20F4C82000080782 /* PhoneEntryController.xib */ = {isa = PBXFileReference; fileEncoding = 4; lastKnownFileType = file.xib; name = PhoneEntryController.xib; path = PhoneEntry/PhoneEntryController.xib; sourceTree = "<group>"; };
		C63B8F8D20F4C82100080782 /* PhoneVerificationController.xib */ = {isa = PBXFileReference; fileEncoding = 4; lastKnownFileType = file.xib; name = PhoneVerificationController.xib; path = PhoneEntry/PhoneVerificationController.xib; sourceTree = "<group>"; };
		C63B8F8E20F4C82100080782 /* PhoneVerificationController.swift */ = {isa = PBXFileReference; fileEncoding = 4; lastKnownFileType = sourcecode.swift; name = PhoneVerificationController.swift; path = PhoneEntry/PhoneVerificationController.swift; sourceTree = "<group>"; };
		C63B8F8F20F4C82100080782 /* PhoneEntryController.swift */ = {isa = PBXFileReference; fileEncoding = 4; lastKnownFileType = sourcecode.swift; name = PhoneEntryController.swift; path = PhoneEntry/PhoneEntryController.swift; sourceTree = "<group>"; };
		C63B8F9420F4C83700080782 /* country-codes.json */ = {isa = PBXFileReference; fileEncoding = 4; lastKnownFileType = text.json; name = "country-codes.json"; path = "Resources/country-codes.json"; sourceTree = "<group>"; };
		D71150E105E03F08212D2BDB /* Pods_FirebasePhoneTests.framework */ = {isa = PBXFileReference; explicitFileType = wrapper.framework; includeInIndex = 0; path = Pods_FirebasePhoneTests.framework; sourceTree = BUILT_PRODUCTS_DIR; };
		FD123F95C2AC2FD93E719BF4 /* Pods-FirebasePhone.release.xcconfig */ = {isa = PBXFileReference; includeInIndex = 1; lastKnownFileType = text.xcconfig; name = "Pods-FirebasePhone.release.xcconfig"; path = "Pods/Target Support Files/Pods-FirebasePhone/Pods-FirebasePhone.release.xcconfig"; sourceTree = "<group>"; };
/* End PBXFileReference section */

/* Begin PBXFrameworksBuildPhase section */
		072E2A7121AEF7C400DA782A /* Frameworks */ = {
			isa = PBXFrameworksBuildPhase;
			buildActionMask = 2147483647;
			files = (
				646319E9B575A1FDC360A28D /* Pods_FirebasePhoneTests.framework in Frameworks */,
			);
			runOnlyForDeploymentPostprocessing = 0;
		};
		07EE6D311F54454D00783EE6 /* Frameworks */ = {
			isa = PBXFrameworksBuildPhase;
			buildActionMask = 2147483647;
			files = (
				44098AB7FC56BFE3576D1934 /* Pods_FirebasePhone.framework in Frameworks */,
			);
			runOnlyForDeploymentPostprocessing = 0;
		};
/* End PBXFrameworksBuildPhase section */

/* Begin PBXGroup section */
		072E2A7521AEF7C400DA782A /* FirebasePhoneTests */ = {
			isa = PBXGroup;
			children = (
				072E2A7E21AEF81000DA782A /* FirebasePhoneTests.swift */,
				072E2A8221AEFB0C00DA782A /* PhoneEntryControllerTests.swift */,
				072E2A7821AEF7C400DA782A /* Info.plist */,
			);
			path = FirebasePhoneTests;
			sourceTree = "<group>";
		};
		0763631B1F59FFEA00596E62 /* Model */ = {
			isa = PBXGroup;
			children = (
				076363281F5A001500596E62 /* Countries.swift */,
				076363291F5A001500596E62 /* Country.swift */,
			);
			name = Model;
			sourceTree = "<group>";
		};
		0763631C1F59FFF000596E62 /* Helper */ = {
			isa = PBXGroup;
			children = (
				076363261F5A000B00596E62 /* JSONReader.swift */,
				073DBEB51F90D13C001C3AC1 /* View+Additions.swift */,
			);
			name = Helper;
			sourceTree = "<group>";
		};
		0763631D1F59FFF400596E62 /* CountryList */ = {
			isa = PBXGroup;
			children = (
				0763631E1F5A000300596E62 /* CountryCodeListController.swift */,
				076363201F5A000300596E62 /* CountryCodeListCell.swift */,
				076363211F5A000300596E62 /* CountryCodeListCell.xib */,
			);
			name = CountryList;
			sourceTree = "<group>";
		};
		07EE6D2B1F54454D00783EE6 = {
			isa = PBXGroup;
			children = (
				074DE6631F55762A0046DE32 /* GoogleService-Info.plist */,
				07EE6D361F54454D00783EE6 /* FirebasePhone */,
				072E2A7521AEF7C400DA782A /* FirebasePhoneTests */,
				07EE6D351F54454D00783EE6 /* Products */,
				143E879331B6BE3EF3743E49 /* Pods */,
				5DE6A74AB60BD809D49E2ABF /* Frameworks */,
			);
			sourceTree = "<group>";
		};
		07EE6D351F54454D00783EE6 /* Products */ = {
			isa = PBXGroup;
			children = (
				07EE6D341F54454D00783EE6 /* FirebasePhone.app */,
				072E2A7421AEF7C400DA782A /* FirebasePhoneTests.xctest */,
			);
			name = Products;
			sourceTree = "<group>";
		};
		07EE6D361F54454D00783EE6 /* FirebasePhone */ = {
			isa = PBXGroup;
			children = (
				072F34EB1F59464900B1EC29 /* FirebasePhone.entitlements */,
				07EE6D371F54454D00783EE6 /* AppDelegate.swift */,
				C63B8F8B20F4C7A100080782 /* Resources */,
				C63B8F8A20F4C77D00080782 /* PhoneEntry */,
				0763631D1F59FFF400596E62 /* CountryList */,
				0763631C1F59FFF000596E62 /* Helper */,
				0763631B1F59FFEA00596E62 /* Model */,
				07EE6D3E1F54454D00783EE6 /* Assets.xcassets */,
				07EE6D401F54454D00783EE6 /* LaunchScreen.storyboard */,
				07EE6D431F54454D00783EE6 /* Info.plist */,
			);
			path = FirebasePhone;
			sourceTree = "<group>";
		};
		143E879331B6BE3EF3743E49 /* Pods */ = {
			isa = PBXGroup;
			children = (
				6A94C230CB451F2B7EAB03F0 /* Pods-FirebasePhone.debug.xcconfig */,
				FD123F95C2AC2FD93E719BF4 /* Pods-FirebasePhone.release.xcconfig */,
				5CDD988196C0B5605023E8F4 /* Pods-FirebasePhoneTests.debug.xcconfig */,
				73F9C2285D0463F4823760EB /* Pods-FirebasePhoneTests.release.xcconfig */,
			);
			name = Pods;
			sourceTree = "<group>";
		};
		5DE6A74AB60BD809D49E2ABF /* Frameworks */ = {
			isa = PBXGroup;
			children = (
				671750C35C6948FC23CEDBDD /* Pods_FirebasePhone.framework */,
				D71150E105E03F08212D2BDB /* Pods_FirebasePhoneTests.framework */,
			);
			name = Frameworks;
			sourceTree = "<group>";
		};
		C63B8F8A20F4C77D00080782 /* PhoneEntry */ = {
			isa = PBXGroup;
			children = (
				C63B8F8F20F4C82100080782 /* PhoneEntryController.swift */,
				C63B8F8C20F4C82000080782 /* PhoneEntryController.xib */,
				C63B8F8E20F4C82100080782 /* PhoneVerificationController.swift */,
				C63B8F8D20F4C82100080782 /* PhoneVerificationController.xib */,
			);
			name = PhoneEntry;
			sourceTree = "<group>";
		};
		C63B8F8B20F4C7A100080782 /* Resources */ = {
			isa = PBXGroup;
			children = (
				C63B8F9420F4C83700080782 /* country-codes.json */,
			);
			name = Resources;
			sourceTree = "<group>";
		};
/* End PBXGroup section */

/* Begin PBXNativeTarget section */
		072E2A7321AEF7C400DA782A /* FirebasePhoneTests */ = {
			isa = PBXNativeTarget;
			buildConfigurationList = 072E2A7B21AEF7C400DA782A /* Build configuration list for PBXNativeTarget "FirebasePhoneTests" */;
			buildPhases = (
				BAE56B85718A1DFA41AD52EE /* [CP] Check Pods Manifest.lock */,
				072E2A7021AEF7C400DA782A /* Sources */,
				072E2A7121AEF7C400DA782A /* Frameworks */,
				072E2A7221AEF7C400DA782A /* Resources */,
				0FD3460D3A3181D1A67580B2 /* [CP] Embed Pods Frameworks */,
			);
			buildRules = (
			);
			dependencies = (
				072E2A7A21AEF7C400DA782A /* PBXTargetDependency */,
			);
			name = FirebasePhoneTests;
			productName = FirebasePhoneTests;
			productReference = 072E2A7421AEF7C400DA782A /* FirebasePhoneTests.xctest */;
			productType = "com.apple.product-type.bundle.unit-test";
		};
		07EE6D331F54454D00783EE6 /* FirebasePhone */ = {
			isa = PBXNativeTarget;
			buildConfigurationList = 07EE6D461F54454D00783EE6 /* Build configuration list for PBXNativeTarget "FirebasePhone" */;
			buildPhases = (
				51D2D4284C332BD070D4CEE7 /* [CP] Check Pods Manifest.lock */,
				07EE6D301F54454D00783EE6 /* Sources */,
				07EE6D311F54454D00783EE6 /* Frameworks */,
				07EE6D321F54454D00783EE6 /* Resources */,
				1C41EAA0D7559F5E040541FB /* [CP] Embed Pods Frameworks */,
			);
			buildRules = (
			);
			dependencies = (
			);
			name = FirebasePhone;
			productName = FirebasePhone;
			productReference = 07EE6D341F54454D00783EE6 /* FirebasePhone.app */;
			productType = "com.apple.product-type.application";
		};
/* End PBXNativeTarget section */

/* Begin PBXProject section */
		07EE6D2C1F54454D00783EE6 /* Project object */ = {
			isa = PBXProject;
			attributes = {
				LastSwiftUpdateCheck = 1010;
				LastUpgradeCheck = 0940;
				ORGANIZATIONNAME = "Ranjith Kumar";
				TargetAttributes = {
					072E2A7321AEF7C400DA782A = {
						CreatedOnToolsVersion = 10.1;
						DevelopmentTeam = 35P9S7STBV;
						LastSwiftMigration = 1010;
						ProvisioningStyle = Automatic;
						TestTargetID = 07EE6D331F54454D00783EE6;
					};
					07EE6D331F54454D00783EE6 = {
						CreatedOnToolsVersion = 8.3.3;
						DevelopmentTeam = 35P9S7STBV;
						LastSwiftMigration = 0940;
						ProvisioningStyle = Automatic;
						SystemCapabilities = {
							com.apple.BackgroundModes = {
								enabled = 1;
							};
							com.apple.Push = {
								enabled = 1;
							};
						};
					};
				};
			};
			buildConfigurationList = 07EE6D2F1F54454D00783EE6 /* Build configuration list for PBXProject "FirebasePhone" */;
			compatibilityVersion = "Xcode 3.2";
			developmentRegion = English;
			hasScannedForEncodings = 0;
			knownRegions = (
				en,
				Base,
			);
			mainGroup = 07EE6D2B1F54454D00783EE6;
			productRefGroup = 07EE6D351F54454D00783EE6 /* Products */;
			projectDirPath = "";
			projectRoot = "";
			targets = (
				07EE6D331F54454D00783EE6 /* FirebasePhone */,
				072E2A7321AEF7C400DA782A /* FirebasePhoneTests */,
			);
		};
/* End PBXProject section */

/* Begin PBXResourcesBuildPhase section */
		072E2A7221AEF7C400DA782A /* Resources */ = {
			isa = PBXResourcesBuildPhase;
			buildActionMask = 2147483647;
			files = (
				07FCEA6D21AFCD8100A7DD66 /* country-codes.json in Resources */,
			);
			runOnlyForDeploymentPostprocessing = 0;
		};
		07EE6D321F54454D00783EE6 /* Resources */ = {
			isa = PBXResourcesBuildPhase;
			buildActionMask = 2147483647;
			files = (
				076363251F5A000300596E62 /* CountryCodeListCell.xib in Resources */,
				C63B8F9120F4C82500080782 /* PhoneVerificationController.xib in Resources */,
				C63B8F9020F4C82500080782 /* PhoneEntryController.xib in Resources */,
				07EE6D421F54454D00783EE6 /* LaunchScreen.storyboard in Resources */,
				C63B8F9520F4C83800080782 /* country-codes.json in Resources */,
				074DE6641F55762A0046DE32 /* GoogleService-Info.plist in Resources */,
				07EE6D3F1F54454D00783EE6 /* Assets.xcassets in Resources */,
			);
			runOnlyForDeploymentPostprocessing = 0;
		};
/* End PBXResourcesBuildPhase section */

/* Begin PBXShellScriptBuildPhase section */
		0FD3460D3A3181D1A67580B2 /* [CP] Embed Pods Frameworks */ = {
			isa = PBXShellScriptBuildPhase;
			buildActionMask = 2147483647;
			files = (
			);
			inputFileListPaths = (
			);
			inputPaths = (
				"${PODS_ROOT}/Target Support Files/Pods-FirebasePhoneTests/Pods-FirebasePhoneTests-frameworks.sh",
				"${BUILT_PRODUCTS_DIR}/GTMSessionFetcher-iOS12.1/GTMSessionFetcher.framework",
				"${BUILT_PRODUCTS_DIR}/GoogleUtilities-iOS12.1/GoogleUtilities.framework",
				"${BUILT_PRODUCTS_DIR}/nanopb-iOS12.1/nanopb.framework",
			);
			name = "[CP] Embed Pods Frameworks";
			outputFileListPaths = (
			);
			outputPaths = (
				"${TARGET_BUILD_DIR}/${FRAMEWORKS_FOLDER_PATH}/GTMSessionFetcher.framework",
				"${TARGET_BUILD_DIR}/${FRAMEWORKS_FOLDER_PATH}/GoogleUtilities.framework",
				"${TARGET_BUILD_DIR}/${FRAMEWORKS_FOLDER_PATH}/nanopb.framework",
			);
			runOnlyForDeploymentPostprocessing = 0;
			shellPath = /bin/sh;
			shellScript = "\"${PODS_ROOT}/Target Support Files/Pods-FirebasePhoneTests/Pods-FirebasePhoneTests-frameworks.sh\"\n";
			showEnvVarsInLog = 0;
		};
		1C41EAA0D7559F5E040541FB /* [CP] Embed Pods Frameworks */ = {
			isa = PBXShellScriptBuildPhase;
			buildActionMask = 2147483647;
			files = (
			);
			inputPaths = (
				"${PODS_ROOT}/Target Support Files/Pods-FirebasePhone/Pods-FirebasePhone-frameworks.sh",
				"${BUILT_PRODUCTS_DIR}/GTMSessionFetcher-iOS11.0/GTMSessionFetcher.framework",
				"${BUILT_PRODUCTS_DIR}/GoogleUtilities-iOS11.0/GoogleUtilities.framework",
				"${BUILT_PRODUCTS_DIR}/nanopb-iOS11.0/nanopb.framework",
			);
			name = "[CP] Embed Pods Frameworks";
			outputPaths = (
				"${TARGET_BUILD_DIR}/${FRAMEWORKS_FOLDER_PATH}/GTMSessionFetcher.framework",
				"${TARGET_BUILD_DIR}/${FRAMEWORKS_FOLDER_PATH}/GoogleUtilities.framework",
				"${TARGET_BUILD_DIR}/${FRAMEWORKS_FOLDER_PATH}/nanopb.framework",
			);
			runOnlyForDeploymentPostprocessing = 0;
			shellPath = /bin/sh;
			shellScript = "\"${PODS_ROOT}/Target Support Files/Pods-FirebasePhone/Pods-FirebasePhone-frameworks.sh\"\n";
			showEnvVarsInLog = 0;
		};
		51D2D4284C332BD070D4CEE7 /* [CP] Check Pods Manifest.lock */ = {
			isa = PBXShellScriptBuildPhase;
			buildActionMask = 2147483647;
			files = (
			);
			inputPaths = (
				"${PODS_PODFILE_DIR_PATH}/Podfile.lock",
				"${PODS_ROOT}/Manifest.lock",
			);
			name = "[CP] Check Pods Manifest.lock";
			outputPaths = (
				"$(DERIVED_FILE_DIR)/Pods-FirebasePhone-checkManifestLockResult.txt",
			);
			runOnlyForDeploymentPostprocessing = 0;
			shellPath = /bin/sh;
			shellScript = "diff \"${PODS_PODFILE_DIR_PATH}/Podfile.lock\" \"${PODS_ROOT}/Manifest.lock\" > /dev/null\nif [ $? != 0 ] ; then\n    # print error to STDERR\n    echo \"error: The sandbox is not in sync with the Podfile.lock. Run 'pod install' or update your CocoaPods installation.\" >&2\n    exit 1\nfi\n# This output is used by Xcode 'outputs' to avoid re-running this script phase.\necho \"SUCCESS\" > \"${SCRIPT_OUTPUT_FILE_0}\"\n";
			showEnvVarsInLog = 0;
		};
		BAE56B85718A1DFA41AD52EE /* [CP] Check Pods Manifest.lock */ = {
			isa = PBXShellScriptBuildPhase;
			buildActionMask = 2147483647;
			files = (
			);
			inputFileListPaths = (
			);
			inputPaths = (
				"${PODS_PODFILE_DIR_PATH}/Podfile.lock",
				"${PODS_ROOT}/Manifest.lock",
			);
			name = "[CP] Check Pods Manifest.lock";
			outputFileListPaths = (
			);
			outputPaths = (
				"$(DERIVED_FILE_DIR)/Pods-FirebasePhoneTests-checkManifestLockResult.txt",
			);
			runOnlyForDeploymentPostprocessing = 0;
			shellPath = /bin/sh;
			shellScript = "diff \"${PODS_PODFILE_DIR_PATH}/Podfile.lock\" \"${PODS_ROOT}/Manifest.lock\" > /dev/null\nif [ $? != 0 ] ; then\n    # print error to STDERR\n    echo \"error: The sandbox is not in sync with the Podfile.lock. Run 'pod install' or update your CocoaPods installation.\" >&2\n    exit 1\nfi\n# This output is used by Xcode 'outputs' to avoid re-running this script phase.\necho \"SUCCESS\" > \"${SCRIPT_OUTPUT_FILE_0}\"\n";
			showEnvVarsInLog = 0;
		};
/* End PBXShellScriptBuildPhase section */

/* Begin PBXSourcesBuildPhase section */
		072E2A7021AEF7C400DA782A /* Sources */ = {
			isa = PBXSourcesBuildPhase;
			buildActionMask = 2147483647;
			files = (
				072E2A8121AEF96200DA782A /* FirebasePhoneTests.swift in Sources */,
				072E2A8321AEFB0C00DA782A /* PhoneEntryControllerTests.swift in Sources */,
			);
			runOnlyForDeploymentPostprocessing = 0;
		};
		07EE6D301F54454D00783EE6 /* Sources */ = {
			isa = PBXSourcesBuildPhase;
			buildActionMask = 2147483647;
			files = (
				C63B8F9320F4C82500080782 /* PhoneEntryController.swift in Sources */,
				0763632B1F5A001500596E62 /* Country.swift in Sources */,
				076363271F5A000B00596E62 /* JSONReader.swift in Sources */,
				07EE6D381F54454D00783EE6 /* AppDelegate.swift in Sources */,
				076363221F5A000300596E62 /* CountryCodeListController.swift in Sources */,
				073DBEB61F90D13C001C3AC1 /* View+Additions.swift in Sources */,
				0763632A1F5A001500596E62 /* Countries.swift in Sources */,
				076363241F5A000300596E62 /* CountryCodeListCell.swift in Sources */,
				C63B8F9220F4C82500080782 /* PhoneVerificationController.swift in Sources */,
			);
			runOnlyForDeploymentPostprocessing = 0;
		};
/* End PBXSourcesBuildPhase section */

/* Begin PBXTargetDependency section */
		072E2A7A21AEF7C400DA782A /* PBXTargetDependency */ = {
			isa = PBXTargetDependency;
			target = 07EE6D331F54454D00783EE6 /* FirebasePhone */;
			targetProxy = 072E2A7921AEF7C400DA782A /* PBXContainerItemProxy */;
		};
/* End PBXTargetDependency section */

/* Begin PBXVariantGroup section */
		07EE6D401F54454D00783EE6 /* LaunchScreen.storyboard */ = {
			isa = PBXVariantGroup;
			children = (
				07EE6D411F54454D00783EE6 /* Base */,
			);
			name = LaunchScreen.storyboard;
			sourceTree = "<group>";
		};
/* End PBXVariantGroup section */

/* Begin XCBuildConfiguration section */
		072E2A7C21AEF7C400DA782A /* Debug */ = {
			isa = XCBuildConfiguration;
			baseConfigurationReference = 5CDD988196C0B5605023E8F4 /* Pods-FirebasePhoneTests.debug.xcconfig */;
			buildSettings = {
				BUNDLE_LOADER = "$(TEST_HOST)";
				CLANG_CXX_LANGUAGE_STANDARD = "gnu++14";
				CLANG_ENABLE_MODULES = YES;
				CLANG_ENABLE_OBJC_WEAK = YES;
				CLANG_WARN_UNGUARDED_AVAILABILITY = YES_AGGRESSIVE;
				CODE_SIGN_IDENTITY = "iPhone Developer";
				CODE_SIGN_STYLE = Automatic;
				DEVELOPMENT_TEAM = 35P9S7STBV;
				GCC_C_LANGUAGE_STANDARD = gnu11;
				INFOPLIST_FILE = FirebasePhoneTests/Info.plist;
				IPHONEOS_DEPLOYMENT_TARGET = 12.1;
				LD_RUNPATH_SEARCH_PATHS = "$(inherited) @executable_path/Frameworks @loader_path/Frameworks";
				MTL_ENABLE_DEBUG_INFO = INCLUDE_SOURCE;
				MTL_FAST_MATH = YES;
				PRODUCT_BUNDLE_IDENTIFIER = com.drawRect.FirebasePhoneTests;
				PRODUCT_NAME = "$(TARGET_NAME)";
				SWIFT_OPTIMIZATION_LEVEL = "-Onone";
				SWIFT_VERSION = 4.2;
				TARGETED_DEVICE_FAMILY = "1,2";
				TEST_HOST = "$(BUILT_PRODUCTS_DIR)/FirebasePhone.app/FirebasePhone";
			};
			name = Debug;
		};
		072E2A7D21AEF7C400DA782A /* Release */ = {
			isa = XCBuildConfiguration;
			baseConfigurationReference = 73F9C2285D0463F4823760EB /* Pods-FirebasePhoneTests.release.xcconfig */;
			buildSettings = {
				BUNDLE_LOADER = "$(TEST_HOST)";
				CLANG_CXX_LANGUAGE_STANDARD = "gnu++14";
				CLANG_ENABLE_MODULES = YES;
				CLANG_ENABLE_OBJC_WEAK = YES;
				CLANG_WARN_UNGUARDED_AVAILABILITY = YES_AGGRESSIVE;
				CODE_SIGN_IDENTITY = "iPhone Developer";
				CODE_SIGN_STYLE = Automatic;
				DEVELOPMENT_TEAM = 35P9S7STBV;
				GCC_C_LANGUAGE_STANDARD = gnu11;
				INFOPLIST_FILE = FirebasePhoneTests/Info.plist;
				IPHONEOS_DEPLOYMENT_TARGET = 12.1;
				LD_RUNPATH_SEARCH_PATHS = "$(inherited) @executable_path/Frameworks @loader_path/Frameworks";
				MTL_FAST_MATH = YES;
				PRODUCT_BUNDLE_IDENTIFIER = com.drawRect.FirebasePhoneTests;
				PRODUCT_NAME = "$(TARGET_NAME)";
				SWIFT_VERSION = 4.2;
				TARGETED_DEVICE_FAMILY = "1,2";
				TEST_HOST = "$(BUILT_PRODUCTS_DIR)/FirebasePhone.app/FirebasePhone";
			};
			name = Release;
		};
		07EE6D441F54454D00783EE6 /* Debug */ = {
			isa = XCBuildConfiguration;
			buildSettings = {
				ALWAYS_SEARCH_USER_PATHS = NO;
				CLANG_ANALYZER_NONNULL = YES;
				CLANG_ANALYZER_NUMBER_OBJECT_CONVERSION = YES_AGGRESSIVE;
				CLANG_CXX_LANGUAGE_STANDARD = "gnu++0x";
				CLANG_CXX_LIBRARY = "libc++";
				CLANG_ENABLE_MODULES = YES;
				CLANG_ENABLE_OBJC_ARC = YES;
				CLANG_WARN_BLOCK_CAPTURE_AUTORELEASING = YES;
				CLANG_WARN_BOOL_CONVERSION = YES;
				CLANG_WARN_COMMA = YES;
				CLANG_WARN_CONSTANT_CONVERSION = YES;
				CLANG_WARN_DEPRECATED_OBJC_IMPLEMENTATIONS = YES;
				CLANG_WARN_DIRECT_OBJC_ISA_USAGE = YES_ERROR;
				CLANG_WARN_DOCUMENTATION_COMMENTS = YES;
				CLANG_WARN_EMPTY_BODY = YES;
				CLANG_WARN_ENUM_CONVERSION = YES;
				CLANG_WARN_INFINITE_RECURSION = YES;
				CLANG_WARN_INT_CONVERSION = YES;
				CLANG_WARN_NON_LITERAL_NULL_CONVERSION = YES;
				CLANG_WARN_OBJC_IMPLICIT_RETAIN_SELF = YES;
				CLANG_WARN_OBJC_LITERAL_CONVERSION = YES;
				CLANG_WARN_OBJC_ROOT_CLASS = YES_ERROR;
				CLANG_WARN_RANGE_LOOP_ANALYSIS = YES;
				CLANG_WARN_STRICT_PROTOTYPES = YES;
				CLANG_WARN_SUSPICIOUS_MOVE = YES;
				CLANG_WARN_UNREACHABLE_CODE = YES;
				CLANG_WARN__DUPLICATE_METHOD_MATCH = YES;
				"CODE_SIGN_IDENTITY[sdk=iphoneos*]" = "iPhone Developer";
				COPY_PHASE_STRIP = NO;
				DEBUG_INFORMATION_FORMAT = dwarf;
				ENABLE_STRICT_OBJC_MSGSEND = YES;
				ENABLE_TESTABILITY = YES;
				GCC_C_LANGUAGE_STANDARD = gnu99;
				GCC_DYNAMIC_NO_PIC = NO;
				GCC_NO_COMMON_BLOCKS = YES;
				GCC_OPTIMIZATION_LEVEL = 0;
				GCC_PREPROCESSOR_DEFINITIONS = (
					"DEBUG=1",
					"$(inherited)",
				);
				GCC_WARN_64_TO_32_BIT_CONVERSION = YES;
				GCC_WARN_ABOUT_RETURN_TYPE = YES_ERROR;
				GCC_WARN_UNDECLARED_SELECTOR = YES;
				GCC_WARN_UNINITIALIZED_AUTOS = YES_AGGRESSIVE;
				GCC_WARN_UNUSED_FUNCTION = YES;
				GCC_WARN_UNUSED_VARIABLE = YES;
				IPHONEOS_DEPLOYMENT_TARGET = 10.3;
				MTL_ENABLE_DEBUG_INFO = YES;
				ONLY_ACTIVE_ARCH = YES;
				SDKROOT = iphoneos;
				SWIFT_ACTIVE_COMPILATION_CONDITIONS = DEBUG;
				SWIFT_OPTIMIZATION_LEVEL = "-Onone";
				SWIFT_VERSION = 4.0;
			};
			name = Debug;
		};
		07EE6D451F54454D00783EE6 /* Release */ = {
			isa = XCBuildConfiguration;
			buildSettings = {
				ALWAYS_SEARCH_USER_PATHS = NO;
				CLANG_ANALYZER_NONNULL = YES;
				CLANG_ANALYZER_NUMBER_OBJECT_CONVERSION = YES_AGGRESSIVE;
				CLANG_CXX_LANGUAGE_STANDARD = "gnu++0x";
				CLANG_CXX_LIBRARY = "libc++";
				CLANG_ENABLE_MODULES = YES;
				CLANG_ENABLE_OBJC_ARC = YES;
				CLANG_WARN_BLOCK_CAPTURE_AUTORELEASING = YES;
				CLANG_WARN_BOOL_CONVERSION = YES;
				CLANG_WARN_COMMA = YES;
				CLANG_WARN_CONSTANT_CONVERSION = YES;
				CLANG_WARN_DEPRECATED_OBJC_IMPLEMENTATIONS = YES;
				CLANG_WARN_DIRECT_OBJC_ISA_USAGE = YES_ERROR;
				CLANG_WARN_DOCUMENTATION_COMMENTS = YES;
				CLANG_WARN_EMPTY_BODY = YES;
				CLANG_WARN_ENUM_CONVERSION = YES;
				CLANG_WARN_INFINITE_RECURSION = YES;
				CLANG_WARN_INT_CONVERSION = YES;
				CLANG_WARN_NON_LITERAL_NULL_CONVERSION = YES;
				CLANG_WARN_OBJC_IMPLICIT_RETAIN_SELF = YES;
				CLANG_WARN_OBJC_LITERAL_CONVERSION = YES;
				CLANG_WARN_OBJC_ROOT_CLASS = YES_ERROR;
				CLANG_WARN_RANGE_LOOP_ANALYSIS = YES;
				CLANG_WARN_STRICT_PROTOTYPES = YES;
				CLANG_WARN_SUSPICIOUS_MOVE = YES;
				CLANG_WARN_UNREACHABLE_CODE = YES;
				CLANG_WARN__DUPLICATE_METHOD_MATCH = YES;
				"CODE_SIGN_IDENTITY[sdk=iphoneos*]" = "iPhone Developer";
				COPY_PHASE_STRIP = NO;
				DEBUG_INFORMATION_FORMAT = "dwarf-with-dsym";
				ENABLE_NS_ASSERTIONS = NO;
				ENABLE_STRICT_OBJC_MSGSEND = YES;
				GCC_C_LANGUAGE_STANDARD = gnu99;
				GCC_NO_COMMON_BLOCKS = YES;
				GCC_WARN_64_TO_32_BIT_CONVERSION = YES;
				GCC_WARN_ABOUT_RETURN_TYPE = YES_ERROR;
				GCC_WARN_UNDECLARED_SELECTOR = YES;
				GCC_WARN_UNINITIALIZED_AUTOS = YES_AGGRESSIVE;
				GCC_WARN_UNUSED_FUNCTION = YES;
				GCC_WARN_UNUSED_VARIABLE = YES;
				IPHONEOS_DEPLOYMENT_TARGET = 10.3;
				MTL_ENABLE_DEBUG_INFO = NO;
				SDKROOT = iphoneos;
				SWIFT_OPTIMIZATION_LEVEL = "-Owholemodule";
				SWIFT_VERSION = 4.0;
				VALIDATE_PRODUCT = YES;
			};
			name = Release;
		};
		07EE6D471F54454D00783EE6 /* Debug */ = {
			isa = XCBuildConfiguration;
			baseConfigurationReference = 6A94C230CB451F2B7EAB03F0 /* Pods-FirebasePhone.debug.xcconfig */;
			buildSettings = {
				ASSETCATALOG_COMPILER_APPICON_NAME = AppIcon;
				CODE_SIGN_ENTITLEMENTS = FirebasePhone/FirebasePhone.entitlements;
				CODE_SIGN_IDENTITY = "iPhone Developer";
				"CODE_SIGN_IDENTITY[sdk=iphoneos*]" = "iPhone Developer";
				CODE_SIGN_STYLE = Automatic;
				DEVELOPMENT_TEAM = 35P9S7STBV;
				ENABLE_TESTABILITY = YES;
				INFOPLIST_FILE = FirebasePhone/Info.plist;
				IPHONEOS_DEPLOYMENT_TARGET = 11.0;
				LD_RUNPATH_SEARCH_PATHS = "$(inherited) @executable_path/Frameworks";
				PRODUCT_BUNDLE_IDENTIFIER = com.ranjith.firebaseauth1;
				PRODUCT_NAME = "$(TARGET_NAME)";
				PROVISIONING_PROFILE = "";
				PROVISIONING_PROFILE_SPECIFIER = "";
				SWIFT_SWIFT3_OBJC_INFERENCE = Default;
				SWIFT_VERSION = 4.2;
			};
			name = Debug;
		};
		07EE6D481F54454D00783EE6 /* Release */ = {
			isa = XCBuildConfiguration;
			baseConfigurationReference = FD123F95C2AC2FD93E719BF4 /* Pods-FirebasePhone.release.xcconfig */;
			buildSettings = {
				ASSETCATALOG_COMPILER_APPICON_NAME = AppIcon;
				CODE_SIGN_ENTITLEMENTS = FirebasePhone/FirebasePhone.entitlements;
				CODE_SIGN_IDENTITY = "iPhone Developer";
				"CODE_SIGN_IDENTITY[sdk=iphoneos*]" = "iPhone Developer";
				CODE_SIGN_STYLE = Automatic;
				DEVELOPMENT_TEAM = 35P9S7STBV;
				ENABLE_TESTABILITY = NO;
				INFOPLIST_FILE = FirebasePhone/Info.plist;
				IPHONEOS_DEPLOYMENT_TARGET = 11.0;
				LD_RUNPATH_SEARCH_PATHS = "$(inherited) @executable_path/Frameworks";
				PRODUCT_BUNDLE_IDENTIFIER = com.ranjith.firebaseauth1;
				PRODUCT_NAME = "$(TARGET_NAME)";
				PROVISIONING_PROFILE = "";
				PROVISIONING_PROFILE_SPECIFIER = "";
				SWIFT_SWIFT3_OBJC_INFERENCE = Default;
				SWIFT_VERSION = 4.2;
			};
			name = Release;
		};
/* End XCBuildConfiguration section */

/* Begin XCConfigurationList section */
		072E2A7B21AEF7C400DA782A /* Build configuration list for PBXNativeTarget "FirebasePhoneTests" */ = {
			isa = XCConfigurationList;
			buildConfigurations = (
				072E2A7C21AEF7C400DA782A /* Debug */,
				072E2A7D21AEF7C400DA782A /* Release */,
			);
			defaultConfigurationIsVisible = 0;
			defaultConfigurationName = Release;
		};
		07EE6D2F1F54454D00783EE6 /* Build configuration list for PBXProject "FirebasePhone" */ = {
			isa = XCConfigurationList;
			buildConfigurations = (
				07EE6D441F54454D00783EE6 /* Debug */,
				07EE6D451F54454D00783EE6 /* Release */,
			);
			defaultConfigurationIsVisible = 0;
			defaultConfigurationName = Release;
		};
		07EE6D461F54454D00783EE6 /* Build configuration list for PBXNativeTarget "FirebasePhone" */ = {
			isa = XCConfigurationList;
			buildConfigurations = (
				07EE6D471F54454D00783EE6 /* Debug */,
				07EE6D481F54454D00783EE6 /* Release */,
			);
			defaultConfigurationIsVisible = 0;
			defaultConfigurationName = Release;
		};
/* End XCConfigurationList section */
	};
	rootObject = 07EE6D2C1F54454D00783EE6 /* Project object */;
}
